
Microsoft Visual Studio Solution File, Format Version 12.00
# Visual Studio Version 17
VisualStudioVersion = 17.10.35027.167
MinimumVisualStudioVersion = 10.0.40219.1
Project("{FAE04EC0-301F-11D3-BF4B-00C04F79EFBC}") = "Quiz2", "Quiz2\Quiz2.csproj", "{67E2CB02-4C5A-43E9-8FE6-71297B87D8D7}"
EndProject
Global
	GlobalSection(SolutionConfigurationPlatforms) = preSolution
		Debug|Any CPU = Debug|Any CPU
		Release|Any CPU = Release|Any CPU
	EndGlobalSection
	GlobalSection(ProjectConfigurationPlatforms) = postSolution
		{67E2CB02-4C5A-43E9-8FE6-71297B87D8D7}.Debug|Any CPU.ActiveCfg = Debug|Any CPU
		{67E2CB02-4C5A-43E9-8FE6-71297B87D8D7}.Debug|Any CPU.Build.0 = Debug|Any CPU
		{67E2CB02-4C5A-43E9-8FE6-71297B87D8D7}.Release|Any CPU.ActiveCfg = Release|Any CPU
		{67E2CB02-4C5A-43E9-8FE6-71297B87D8D7}.Release|Any CPU.Build.0 = Release|Any CPU
	EndGlobalSection
	GlobalSection(SolutionProperties) = preSolution
		HideSolutionNode = FALSE
	EndGlobalSection
	GlobalSection(ExtensibilityGlobals) = postSolution
		SolutionGuid = {DB267241-07B2-41ED-9757-7530E5515EE8}
	EndGlobalSection
EndGlobal
